
Microsoft Visual Studio Solution File, Format Version 12.00
# Visual Studio 15
VisualStudioVersion = 15.0.28010.2048
MinimumVisualStudioVersion = 10.0.40219.1
Project("{FAE04EC0-301F-11D3-BF4B-00C04F79EFBC}") = "LineBalancing", "LineBalancing\LineBalancing.csproj", "{5376AB19-0194-45A8-B3D7-342B6C8296D0}"
EndProject
Project("{FAE04EC0-301F-11D3-BF4B-00C04F79EFBC}") = "BaseFormLibrary", "BaseFormLibrary\BaseFormLibrary\BaseFormLibrary.csproj", "{C27D0377-FE46-4EC4-A08F-1D402956B3D5}"
EndProject
Global
	GlobalSection(SolutionConfigurationPlatforms) = preSolution
		Debug|Any CPU = Debug|Any CPU
		Release|Any CPU = Release|Any CPU
	EndGlobalSection
	GlobalSection(ProjectConfigurationPlatforms) = postSolution
		{5376AB19-0194-45A8-B3D7-342B6C8296D0}.Debug|Any CPU.ActiveCfg = Debug|Any CPU
		{5376AB19-0194-45A8-B3D7-342B6C8296D0}.Debug|Any CPU.Build.0 = Debug|Any CPU
		{5376AB19-0194-45A8-B3D7-342B6C8296D0}.Release|Any CPU.ActiveCfg = Release|Any CPU
		{5376AB19-0194-45A8-B3D7-342B6C8296D0}.Release|Any CPU.Build.0 = Release|Any CPU
		{C27D0377-FE46-4EC4-A08F-1D402956B3D5}.Debug|Any CPU.ActiveCfg = Debug|Any CPU
		{C27D0377-FE46-4EC4-A08F-1D402956B3D5}.Debug|Any CPU.Build.0 = Debug|Any CPU
		{C27D0377-FE46-4EC4-A08F-1D402956B3D5}.Release|Any CPU.ActiveCfg = Release|Any CPU
		{C27D0377-FE46-4EC4-A08F-1D402956B3D5}.Release|Any CPU.Build.0 = Release|Any CPU
	EndGlobalSection
	GlobalSection(SolutionProperties) = preSolution
		HideSolutionNode = FALSE
	EndGlobalSection
	GlobalSection(ExtensibilityGlobals) = postSolution
		SolutionGuid = {82353505-DB82-4C24-9EE0-DEC64EC1A5C0}
	EndGlobalSection
EndGlobal
