
Microsoft Visual Studio Solution File, Format Version 12.00
# Visual Studio 15
VisualStudioVersion = 15.0.28010.2048
MinimumVisualStudioVersion = 10.0.40219.1
Project("{FAE04EC0-301F-11D3-BF4B-00C04F79EFBC}") = "BaseFormLibrary", "BaseFormLibrary.csproj", "{C27D0377-FE46-4EC4-A08F-1D402956B3D5}"
EndProject
Global
	GlobalSection(SolutionConfigurationPlatforms) = preSolution
		Debug|Any CPU = Debug|Any CPU
		Release|Any CPU = Release|Any CPU
	EndGlobalSection
	GlobalSection(ProjectConfigurationPlatforms) = postSolution
		{C27D0377-FE46-4EC4-A08F-1D402956B3D5}.Debug|Any CPU.ActiveCfg = Debug|Any CPU
		{C27D0377-FE46-4EC4-A08F-1D402956B3D5}.Debug|Any CPU.Build.0 = Debug|Any CPU
		{C27D0377-FE46-4EC4-A08F-1D402956B3D5}.Release|Any CPU.ActiveCfg = Release|Any CPU
		{C27D0377-FE46-4EC4-A08F-1D402956B3D5}.Release|Any CPU.Build.0 = Release|Any CPU
	EndGlobalSection
	GlobalSection(SolutionProperties) = preSolution
		HideSolutionNode = FALSE
	EndGlobalSection
	GlobalSection(ExtensibilityGlobals) = postSolution
		SolutionGuid = {7FBFCC98-9721-4A49-9350-849C3AC278D2}
	EndGlobalSection
EndGlobal
